// !$*UTF8*$!
{
	archiveVersion = 1;
	classes = {
	};
	objectVersion = 46;
	objects = {

/* Begin PBXFileReference section */
		6C7A35881A9BDC3A00BF4DD7 /* swift-perf */ = {isa = PBXFileReference; lastKnownFileType = folder; name = "swift-perf"; path = ..; sourceTree = "<group>"; };
/* End PBXFileReference section */

/* Begin PBXGroup section */
		6C7A35751A9BDADF00BF4DD7 = {
			isa = PBXGroup;
			children = (
				6C7A35881A9BDC3A00BF4DD7 /* swift-perf */,
			);
			sourceTree = "<group>";
		};
/* End PBXGroup section */

/* Begin PBXLegacyTarget section */
		6C7A357A1A9BDADF00BF4DD7 /* Swift */ = {
			isa = PBXLegacyTarget;
			buildArgumentsString = swift;
			buildConfigurationList = 6C7A357D1A9BDADF00BF4DD7 /* Build configuration list for PBXLegacyTarget "Swift" */;
			buildPhases = (
			);
			buildToolPath = make;
			buildWorkingDirectory = ..;
			dependencies = (
			);
			name = Swift;
			passBuildSettingsInEnvironment = 1;
			productName = SwiftPerformance;
		};
		6C7A35841A9BDBB400BF4DD7 /* C */ = {
			isa = PBXLegacyTarget;
			buildArgumentsString = ansic;
			buildConfigurationList = 6C7A35851A9BDBB400BF4DD7 /* Build configuration list for PBXLegacyTarget "C" */;
			buildPhases = (
			);
			buildToolPath = make;
			buildWorkingDirectory = ..;
			dependencies = (
			);
			name = C;
			passBuildSettingsInEnvironment = 1;
			productName = C;
		};
/* End PBXLegacyTarget section */

/* Begin PBXProject section */
		6C7A35761A9BDADF00BF4DD7 /* Project object */ = {
			isa = PBXProject;
			attributes = {
				LastUpgradeCheck = 0630;
				ORGANIZATIONNAME = owensd.io;
				TargetAttributes = {
					6C7A357A1A9BDADF00BF4DD7 = {
						CreatedOnToolsVersion = 6.3;
					};
					6C7A35841A9BDBB400BF4DD7 = {
						CreatedOnToolsVersion = 6.3;
					};
				};
			};
			buildConfigurationList = 6C7A35791A9BDADF00BF4DD7 /* Build configuration list for PBXProject "SwiftPerformance" */;
			compatibilityVersion = "Xcode 3.2";
			developmentRegion = English;
			hasScannedForEncodings = 0;
			knownRegions = (
				en,
			);
			mainGroup = 6C7A35751A9BDADF00BF4DD7;
			projectDirPath = "";
			projectRoot = "";
			targets = (
				6C7A35841A9BDBB400BF4DD7 /* C */,
				6C7A357A1A9BDADF00BF4DD7 /* Swift */,
			);
		};
/* End PBXProject section */

/* Begin XCBuildConfiguration section */
		6C7A357C1A9BDADF00BF4DD7 /* Build */ = {
			isa = XCBuildConfiguration;
			buildSettings = {
			};
			name = Build;
		};
		6C7A357F1A9BDADF00BF4DD7 /* Build */ = {
			isa = XCBuildConfiguration;
			buildSettings = {
			};
			name = Build;
		};
		6C7A35871A9BDBB400BF4DD7 /* Build */ = {
			isa = XCBuildConfiguration;
			buildSettings = {
			};
			name = Build;
		};
/* End XCBuildConfiguration section */

/* Begin XCConfigurationList section */
		6C7A35791A9BDADF00BF4DD7 /* Build configuration list for PBXProject "SwiftPerformance" */ = {
			isa = XCConfigurationList;
			buildConfigurations = (
				6C7A357C1A9BDADF00BF4DD7 /* Build */,
			);
			defaultConfigurationIsVisible = 0;
			defaultConfigurationName = Build;
		};
		6C7A357D1A9BDADF00BF4DD7 /* Build configuration list for PBXLegacyTarget "Swift" */ = {
			isa = XCConfigurationList;
			buildConfigurations = (
				6C7A357F1A9BDADF00BF4DD7 /* Build */,
			);
			defaultConfigurationIsVisible = 0;
			defaultConfigurationName = Build;
		};
		6C7A35851A9BDBB400BF4DD7 /* Build configuration list for PBXLegacyTarget "C" */ = {
			isa = XCConfigurationList;
			buildConfigurations = (
				6C7A35871A9BDBB400BF4DD7 /* Build */,
			);
			defaultConfigurationIsVisible = 0;
			defaultConfigurationName = Build;
		};
/* End XCConfigurationList section */
	};
	rootObject = 6C7A35761A9BDADF00BF4DD7 /* Project object */;
}
